// !$*UTF8*$!
{
	archiveVersion = 1;
	classes = {
	};
	objectVersion = 77;
	objects = {

/* Begin PBXBuildFile section */
		A445896ECD70EC69ED14AA1D /* Pods_VoiceAssistant.framework in Frameworks */ = {isa = PBXBuildFile; fileRef = A20919475D0F81088F08CF2E /* Pods_VoiceAssistant.framework */; };
		DC1C153622B8E27B00367496 /* AppDelegate.swift in Sources */ = {isa = PBXBuildFile; fileRef = DC1C153522B8E27B00367496 /* AppDelegate.swift */; };
		DC1C153822B8E27B00367496 /* ViewController.swift in Sources */ = {isa = PBXBuildFile; fileRef = DC1C153722B8E27B00367496 /* ViewController.swift */; };
		DC1C153B22B8E27B00367496 /* Main.storyboard in Resources */ = {isa = PBXBuildFile; fileRef = DC1C153922B8E27B00367496 /* Main.storyboard */; };
		DC1C153D22B8E27D00367496 /* Assets.xcassets in Resources */ = {isa = PBXBuildFile; fileRef = DC1C153C22B8E27D00367496 /* Assets.xcassets */; };
		DC1C154022B8E27D00367496 /* LaunchScreen.storyboard in Resources */ = {isa = PBXBuildFile; fileRef = DC1C153E22B8E27D00367496 /* LaunchScreen.storyboard */; };
		FC1BD1712D29B56F00F1ACDD /* SpeechVC.swift in Sources */ = {isa = PBXBuildFile; fileRef = FC1BD1702D29B56700F1ACDD /* SpeechVC.swift */; };
		FC1BD1742D29CADC00F1ACDD /* AbstractSpeech.swift in Sources */ = {isa = PBXBuildFile; fileRef = FC1BD1732D29CAD600F1ACDD /* AbstractSpeech.swift */; };
		FC1D05A72D27E3CC005CEBE3 /* RemoteSpeech.swift in Sources */ = {isa = PBXBuildFile; fileRef = FC1D05A62D27E3CC005CEBE3 /* RemoteSpeech.swift */; };
		FC1D05A92D286737005CEBE3 /* SpeechManager.swift in Sources */ = {isa = PBXBuildFile; fileRef = FC1D05A82D286735005CEBE3 /* SpeechManager.swift */; };
		FC3EF79F2D1A09520088B897 /* ChatTable.swift in Sources */ = {isa = PBXBuildFile; fileRef = FC3EF79E2D1A094B0088B897 /* ChatTable.swift */; };
		FC3EF7A12D1A12A70088B897 /* ChatTableCell.swift in Sources */ = {isa = PBXBuildFile; fileRef = FC3EF7A02D1A12A50088B897 /* ChatTableCell.swift */; };
		FC3EF7A32D1B18D10088B897 /* Utils.swift in Sources */ = {isa = PBXBuildFile; fileRef = FC3EF7A22D1B18CC0088B897 /* Utils.swift */; };
		FC46F0B12D1752D2004020A9 /* AVAudioPCMBuffer.swift in Sources */ = {isa = PBXBuildFile; fileRef = FC46F0B02D1752C8004020A9 /* AVAudioPCMBuffer.swift */; };
		FC46F0B32D17532A004020A9 /* consts.swift in Sources */ = {isa = PBXBuildFile; fileRef = FC46F0B22D175325004020A9 /* consts.swift */; };
		FC46F0B52D175344004020A9 /* common.swift in Sources */ = {isa = PBXBuildFile; fileRef = FC46F0B42D175343004020A9 /* common.swift */; };
		FC46F0B72D17543C004020A9 /* LocalSpeech.swift in Sources */ = {isa = PBXBuildFile; fileRef = FC46F0B62D175434004020A9 /* LocalSpeech.swift */; };
		FC46F0BB2D176FD9004020A9 /* ApiManager.swift in Sources */ = {isa = PBXBuildFile; fileRef = FC46F0BA2D176FD6004020A9 /* ApiManager.swift */; };
		FC93B0EC2D2B391E00865705 /* ChatHistoryManager.swift in Sources */ = {isa = PBXBuildFile; fileRef = FC93B0EB2D2B391900865705 /* ChatHistoryManager.swift */; };
		FCA8BCD52D37A26800BAD23D /* response.swift in Sources */ = {isa = PBXBuildFile; fileRef = FCA8BCD42D37A26600BAD23D /* response.swift */; };
		FCC38B472D1B6A29007C8159 /* MediaManager.swift in Sources */ = {isa = PBXBuildFile; fileRef = FCC38B462D1B6A22007C8159 /* MediaManager.swift */; };
		FCC38B802D1C8338007C8159 /* message.swift in Sources */ = {isa = PBXBuildFile; fileRef = FCC38B7F2D1C832C007C8159 /* message.swift */; };
		FCC38B8E2D1CED67007C8159 /* UIImage.swift in Sources */ = {isa = PBXBuildFile; fileRef = FCC38B8D2D1CED65007C8159 /* UIImage.swift */; };
		FCC38B902D1CF082007C8159 /* Logger.swift in Sources */ = {isa = PBXBuildFile; fileRef = FCC38B8F2D1CF080007C8159 /* Logger.swift */; };
		FCC38B922D1D187F007C8159 /* ImageUtils.swift in Sources */ = {isa = PBXBuildFile; fileRef = FCC38B912D1D187B007C8159 /* ImageUtils.swift */; };
		FCC38B942D1D4D91007C8159 /* ImageGalleryVC.swift in Sources */ = {isa = PBXBuildFile; fileRef = FCC38B932D1D4D8D007C8159 /* ImageGalleryVC.swift */; };
		FCC38B982D1FE594007C8159 /* TextDrawingVC.swift in Sources */ = {isa = PBXBuildFile; fileRef = FCC38B972D1FE584007C8159 /* TextDrawingVC.swift */; };
		FCE961A62D3DCC10001FC338 /* MessageUtils.swift in Sources */ = {isa = PBXBuildFile; fileRef = FCE961A52D3DCC0D001FC338 /* MessageUtils.swift */; };
		FCE961A82D3E0BA8001FC338 /* EventManager.swift in Sources */ = {isa = PBXBuildFile; fileRef = FCE961A72D3E0BA6001FC338 /* EventManager.swift */; };
		FCE961B52D44CFB7001FC338 /* llmfarm_core in Frameworks */ = {isa = PBXBuildFile; productRef = FCE961B42D44CFB7001FC338 /* llmfarm_core */; };
		FCE961EB2D471656001FC338 /* LocalLlmManager.swift in Sources */ = {isa = PBXBuildFile; fileRef = FCE961EA2D471656001FC338 /* LocalLlmManager.swift */; };
		FCE961ED2D472785001FC338 /* Qwen2.5-Coder-3B-Instruct-Q8_0.gguf in Resources */ = {isa = PBXBuildFile; fileRef = FCE961EC2D472785001FC338 /* Qwen2.5-Coder-3B-Instruct-Q8_0.gguf */; };
		FCFBB1C52D263CF400E0D9B3 /* errors.swift in Sources */ = {isa = PBXBuildFile; fileRef = FCFBB1C42D263CF200E0D9B3 /* errors.swift */; };
		FCFBB1C72D2675D600E0D9B3 /* AudioUtils.swift in Sources */ = {isa = PBXBuildFile; fileRef = FCFBB1C62D2675D100E0D9B3 /* AudioUtils.swift */; };
/* End PBXBuildFile section */

/* Begin PBXContainerItemProxy section */
		FC3EF7C42D1B1DD30088B897 /* PBXContainerItemProxy */ = {
			isa = PBXContainerItemProxy;
			containerPortal = DC1C152A22B8E27B00367496 /* Project object */;
			proxyType = 1;
			remoteGlobalIDString = DC1C153122B8E27B00367496;
			remoteInfo = VoiceAssistant;
		};
/* End PBXContainerItemProxy section */

/* Begin PBXFileReference section */
		9FB79C1FE665D71D938E5959 /* Pods-VoiceAssistant.release.xcconfig */ = {isa = PBXFileReference; includeInIndex = 1; lastKnownFileType = text.xcconfig; name = "Pods-VoiceAssistant.release.xcconfig"; path = "Target Support Files/Pods-VoiceAssistant/Pods-VoiceAssistant.release.xcconfig"; sourceTree = "<group>"; };
		A20919475D0F81088F08CF2E /* Pods_VoiceAssistant.framework */ = {isa = PBXFileReference; explicitFileType = wrapper.framework; includeInIndex = 0; path = Pods_VoiceAssistant.framework; sourceTree = BUILT_PRODUCTS_DIR; };
		AC2A27D01DB510CC0411ADB4 /* Pods-VoiceAssistant.debug.xcconfig */ = {isa = PBXFileReference; includeInIndex = 1; lastKnownFileType = text.xcconfig; name = "Pods-VoiceAssistant.debug.xcconfig"; path = "Target Support Files/Pods-VoiceAssistant/Pods-VoiceAssistant.debug.xcconfig"; sourceTree = "<group>"; };
		DC1C153222B8E27B00367496 /* VoiceAssistant.app */ = {isa = PBXFileReference; explicitFileType = wrapper.application; includeInIndex = 0; path = VoiceAssistant.app; sourceTree = BUILT_PRODUCTS_DIR; };
		DC1C153522B8E27B00367496 /* AppDelegate.swift */ = {isa = PBXFileReference; lastKnownFileType = sourcecode.swift; path = AppDelegate.swift; sourceTree = "<group>"; };
		DC1C153722B8E27B00367496 /* ViewController.swift */ = {isa = PBXFileReference; lastKnownFileType = sourcecode.swift; path = ViewController.swift; sourceTree = "<group>"; };
		DC1C153A22B8E27B00367496 /* Base */ = {isa = PBXFileReference; lastKnownFileType = file.storyboard; name = Base; path = Base.lproj/Main.storyboard; sourceTree = "<group>"; };
		DC1C153C22B8E27D00367496 /* Assets.xcassets */ = {isa = PBXFileReference; lastKnownFileType = folder.assetcatalog; path = Assets.xcassets; sourceTree = "<group>"; };
		DC1C153F22B8E27D00367496 /* Base */ = {isa = PBXFileReference; lastKnownFileType = file.storyboard; name = Base; path = Base.lproj/LaunchScreen.storyboard; sourceTree = "<group>"; };
		DC1C154122B8E27D00367496 /* Info.plist */ = {isa = PBXFileReference; lastKnownFileType = text.plist.xml; path = Info.plist; sourceTree = "<group>"; };
		DC1C154722B8E4B700367496 /* MicrosoftCognitiveServicesSpeech-Bridging-Header.h */ = {isa = PBXFileReference; lastKnownFileType = sourcecode.c.h; path = "MicrosoftCognitiveServicesSpeech-Bridging-Header.h"; sourceTree = "<group>"; };
		FC1BD1702D29B56700F1ACDD /* SpeechVC.swift */ = {isa = PBXFileReference; lastKnownFileType = sourcecode.swift; path = SpeechVC.swift; sourceTree = "<group>"; };
		FC1BD1732D29CAD600F1ACDD /* AbstractSpeech.swift */ = {isa = PBXFileReference; lastKnownFileType = sourcecode.swift; path = AbstractSpeech.swift; sourceTree = "<group>"; };
		FC1D05A62D27E3CC005CEBE3 /* RemoteSpeech.swift */ = {isa = PBXFileReference; lastKnownFileType = sourcecode.swift; path = RemoteSpeech.swift; sourceTree = "<group>"; };
		FC1D05A82D286735005CEBE3 /* SpeechManager.swift */ = {isa = PBXFileReference; lastKnownFileType = sourcecode.swift; path = SpeechManager.swift; sourceTree = "<group>"; };
		FC3EF79E2D1A094B0088B897 /* ChatTable.swift */ = {isa = PBXFileReference; lastKnownFileType = sourcecode.swift; path = ChatTable.swift; sourceTree = "<group>"; };
		FC3EF7A02D1A12A50088B897 /* ChatTableCell.swift */ = {isa = PBXFileReference; lastKnownFileType = sourcecode.swift; path = ChatTableCell.swift; sourceTree = "<group>"; };
		FC3EF7A22D1B18CC0088B897 /* Utils.swift */ = {isa = PBXFileReference; lastKnownFileType = sourcecode.swift; path = Utils.swift; sourceTree = "<group>"; };
		FC3EF7C02D1B1DD30088B897 /* VoiceAssistantTests.xctest */ = {isa = PBXFileReference; explicitFileType = wrapper.cfbundle; includeInIndex = 0; path = VoiceAssistantTests.xctest; sourceTree = BUILT_PRODUCTS_DIR; };
		FC46F0B02D1752C8004020A9 /* AVAudioPCMBuffer.swift */ = {isa = PBXFileReference; lastKnownFileType = sourcecode.swift; path = AVAudioPCMBuffer.swift; sourceTree = "<group>"; };
		FC46F0B22D175325004020A9 /* consts.swift */ = {isa = PBXFileReference; lastKnownFileType = sourcecode.swift; path = consts.swift; sourceTree = "<group>"; };
		FC46F0B42D175343004020A9 /* common.swift */ = {isa = PBXFileReference; lastKnownFileType = sourcecode.swift; path = common.swift; sourceTree = "<group>"; };
		FC46F0B62D175434004020A9 /* LocalSpeech.swift */ = {isa = PBXFileReference; lastKnownFileType = sourcecode.swift; path = LocalSpeech.swift; sourceTree = "<group>"; };
		FC46F0BA2D176FD6004020A9 /* ApiManager.swift */ = {isa = PBXFileReference; lastKnownFileType = sourcecode.swift; path = ApiManager.swift; sourceTree = "<group>"; };
		FC93B0EB2D2B391900865705 /* ChatHistoryManager.swift */ = {isa = PBXFileReference; lastKnownFileType = sourcecode.swift; path = ChatHistoryManager.swift; sourceTree = "<group>"; };
		FCA8BCD42D37A26600BAD23D /* response.swift */ = {isa = PBXFileReference; lastKnownFileType = sourcecode.swift; path = response.swift; sourceTree = "<group>"; };
		FCC38B462D1B6A22007C8159 /* MediaManager.swift */ = {isa = PBXFileReference; lastKnownFileType = sourcecode.swift; path = MediaManager.swift; sourceTree = "<group>"; };
		FCC38B7F2D1C832C007C8159 /* message.swift */ = {isa = PBXFileReference; lastKnownFileType = sourcecode.swift; path = message.swift; sourceTree = "<group>"; };
		FCC38B8D2D1CED65007C8159 /* UIImage.swift */ = {isa = PBXFileReference; lastKnownFileType = sourcecode.swift; path = UIImage.swift; sourceTree = "<group>"; };
		FCC38B8F2D1CF080007C8159 /* Logger.swift */ = {isa = PBXFileReference; lastKnownFileType = sourcecode.swift; path = Logger.swift; sourceTree = "<group>"; };
		FCC38B912D1D187B007C8159 /* ImageUtils.swift */ = {isa = PBXFileReference; lastKnownFileType = sourcecode.swift; path = ImageUtils.swift; sourceTree = "<group>"; };
		FCC38B932D1D4D8D007C8159 /* ImageGalleryVC.swift */ = {isa = PBXFileReference; lastKnownFileType = sourcecode.swift; path = ImageGalleryVC.swift; sourceTree = "<group>"; };
		FCC38B972D1FE584007C8159 /* TextDrawingVC.swift */ = {isa = PBXFileReference; lastKnownFileType = sourcecode.swift; path = TextDrawingVC.swift; sourceTree = "<group>"; };
		FCE961A52D3DCC0D001FC338 /* MessageUtils.swift */ = {isa = PBXFileReference; lastKnownFileType = sourcecode.swift; path = MessageUtils.swift; sourceTree = "<group>"; };
		FCE961A72D3E0BA6001FC338 /* EventManager.swift */ = {isa = PBXFileReference; lastKnownFileType = sourcecode.swift; path = EventManager.swift; sourceTree = "<group>"; };
		FCE961B32D44CE97001FC338 /* llmfarm_core.swift */ = {isa = PBXFileReference; lastKnownFileType = wrapper; path = llmfarm_core.swift; sourceTree = SOURCE_ROOT; };
		FCE961EA2D471656001FC338 /* LocalLlmManager.swift */ = {isa = PBXFileReference; lastKnownFileType = sourcecode.swift; path = LocalLlmManager.swift; sourceTree = "<group>"; };
		FCE961EC2D472785001FC338 /* Qwen2.5-Coder-3B-Instruct-Q8_0.gguf */ = {isa = PBXFileReference; lastKnownFileType = file; name = "Qwen2.5-Coder-3B-Instruct-Q8_0.gguf"; path = "../../../../OpenSource/1_shared_models/guff/Qwen2.5-Coder-3B-Instruct-Q8_0.gguf"; sourceTree = "<group>"; };
		FCFBB1C42D263CF200E0D9B3 /* errors.swift */ = {isa = PBXFileReference; lastKnownFileType = sourcecode.swift; path = errors.swift; sourceTree = "<group>"; };
		FCFBB1C62D2675D100E0D9B3 /* AudioUtils.swift */ = {isa = PBXFileReference; lastKnownFileType = sourcecode.swift; path = AudioUtils.swift; sourceTree = "<group>"; };
/* End PBXFileReference section */

/* Begin PBXFileSystemSynchronizedRootGroup section */
		FC3EF7C12D1B1DD30088B897 /* VoiceAssistantTests */ = {
			isa = PBXFileSystemSynchronizedRootGroup;
			path = VoiceAssistantTests;
			sourceTree = "<group>";
		};
/* End PBXFileSystemSynchronizedRootGroup section */

/* Begin PBXFrameworksBuildPhase section */
		DC1C152F22B8E27B00367496 /* Frameworks */ = {
			isa = PBXFrameworksBuildPhase;
			buildActionMask = 2147483647;
			files = (
				A445896ECD70EC69ED14AA1D /* Pods_VoiceAssistant.framework in Frameworks */,
				FCE961B52D44CFB7001FC338 /* llmfarm_core in Frameworks */,
			);
			runOnlyForDeploymentPostprocessing = 0;
		};
		FC3EF7BD2D1B1DD30088B897 /* Frameworks */ = {
			isa = PBXFrameworksBuildPhase;
			buildActionMask = 2147483647;
			files = (
			);
			runOnlyForDeploymentPostprocessing = 0;
		};
/* End PBXFrameworksBuildPhase section */

/* Begin PBXGroup section */
		D0A67AA68C06C9D58D04E0DA /* Pods */ = {
			isa = PBXGroup;
			children = (
				AC2A27D01DB510CC0411ADB4 /* Pods-VoiceAssistant.debug.xcconfig */,
				9FB79C1FE665D71D938E5959 /* Pods-VoiceAssistant.release.xcconfig */,
			);
			path = Pods;
			sourceTree = "<group>";
		};
		DC1C152922B8E27B00367496 = {
			isa = PBXGroup;
			children = (
				FCE961EC2D472785001FC338 /* Qwen2.5-Coder-3B-Instruct-Q8_0.gguf */,
				DC1C153422B8E27B00367496 /* VoiceAssistant */,
				FC3EF7C12D1B1DD30088B897 /* VoiceAssistantTests */,
				DC1C153322B8E27B00367496 /* Products */,
				D0A67AA68C06C9D58D04E0DA /* Pods */,
				FD7E0C8024E8F50E54C59A30 /* Frameworks */,
			);
			sourceTree = "<group>";
		};
		DC1C153322B8E27B00367496 /* Products */ = {
			isa = PBXGroup;
			children = (
				DC1C153222B8E27B00367496 /* VoiceAssistant.app */,
				FC3EF7C02D1B1DD30088B897 /* VoiceAssistantTests.xctest */,
			);
			name = Products;
			sourceTree = "<group>";
		};
		DC1C153422B8E27B00367496 /* VoiceAssistant */ = {
			isa = PBXGroup;
			children = (
				FCE961B32D44CE97001FC338 /* llmfarm_core.swift */,
				FCC38B452D1B696D007C8159 /* managers */,
				FCC38B432D1B6936007C8159 /* utils */,
				FCC38B422D1B6918007C8159 /* views */,
				FCC38B7E2D1C8313007C8159 /* types */,
				FCC38B8C2D1CED4A007C8159 /* extensions */,
				FC46F0B22D175325004020A9 /* consts.swift */,
				DC1C153522B8E27B00367496 /* AppDelegate.swift */,
				DC1C153922B8E27B00367496 /* Main.storyboard */,
				DC1C153C22B8E27D00367496 /* Assets.xcassets */,
				DC1C153E22B8E27D00367496 /* LaunchScreen.storyboard */,
				DC1C154122B8E27D00367496 /* Info.plist */,
				DC1C154722B8E4B700367496 /* MicrosoftCognitiveServicesSpeech-Bridging-Header.h */,
			);
			path = VoiceAssistant;
			sourceTree = "<group>";
		};
		FC1BD1722D29CACE00F1ACDD /* speech */ = {
			isa = PBXGroup;
			children = (
				FC1D05A82D286735005CEBE3 /* SpeechManager.swift */,
				FC1BD1732D29CAD600F1ACDD /* AbstractSpeech.swift */,
				FC46F0B62D175434004020A9 /* LocalSpeech.swift */,
				FC1D05A62D27E3CC005CEBE3 /* RemoteSpeech.swift */,
			);
			path = speech;
			sourceTree = "<group>";
		};
		FCC38B422D1B6918007C8159 /* views */ = {
			isa = PBXGroup;
			children = (
				FC1BD1702D29B56700F1ACDD /* SpeechVC.swift */,
				FCC38B972D1FE584007C8159 /* TextDrawingVC.swift */,
				FCC38B932D1D4D8D007C8159 /* ImageGalleryVC.swift */,
				FC3EF79E2D1A094B0088B897 /* ChatTable.swift */,
				FC3EF7A02D1A12A50088B897 /* ChatTableCell.swift */,
				DC1C153722B8E27B00367496 /* ViewController.swift */,
			);
			path = views;
			sourceTree = "<group>";
		};
		FCC38B432D1B6936007C8159 /* utils */ = {
			isa = PBXGroup;
			children = (
				FCE961A52D3DCC0D001FC338 /* MessageUtils.swift */,
				FCFBB1C62D2675D100E0D9B3 /* AudioUtils.swift */,
				FCC38B912D1D187B007C8159 /* ImageUtils.swift */,
				FCC38B8F2D1CF080007C8159 /* Logger.swift */,
				FC3EF7A22D1B18CC0088B897 /* Utils.swift */,
			);
			path = utils;
			sourceTree = "<group>";
		};
		FCC38B452D1B696D007C8159 /* managers */ = {
			isa = PBXGroup;
			children = (
				FC1BD1722D29CACE00F1ACDD /* speech */,
				FC46F0BA2D176FD6004020A9 /* ApiManager.swift */,
				FC93B0EB2D2B391900865705 /* ChatHistoryManager.swift */,
				FCE961A72D3E0BA6001FC338 /* EventManager.swift */,
				FCE961EA2D471656001FC338 /* LocalLlmManager.swift */,
				FCC38B462D1B6A22007C8159 /* MediaManager.swift */,
			);
			path = managers;
			sourceTree = "<group>";
		};
		FCC38B7E2D1C8313007C8159 /* types */ = {
			isa = PBXGroup;
			children = (
				FCA8BCD42D37A26600BAD23D /* response.swift */,
				FCFBB1C42D263CF200E0D9B3 /* errors.swift */,
				FCC38B7F2D1C832C007C8159 /* message.swift */,
				FC46F0B42D175343004020A9 /* common.swift */,
			);
			path = types;
			sourceTree = "<group>";
		};
		FCC38B8C2D1CED4A007C8159 /* extensions */ = {
			isa = PBXGroup;
			children = (
				FCC38B8D2D1CED65007C8159 /* UIImage.swift */,
				FC46F0B02D1752C8004020A9 /* AVAudioPCMBuffer.swift */,
			);
			path = extensions;
			sourceTree = "<group>";
		};
		FD7E0C8024E8F50E54C59A30 /* Frameworks */ = {
			isa = PBXGroup;
			children = (
				A20919475D0F81088F08CF2E /* Pods_VoiceAssistant.framework */,
			);
			name = Frameworks;
			sourceTree = "<group>";
		};
/* End PBXGroup section */

/* Begin PBXNativeTarget section */
		DC1C153122B8E27B00367496 /* VoiceAssistant */ = {
			isa = PBXNativeTarget;
			buildConfigurationList = DC1C154422B8E27D00367496 /* Build configuration list for PBXNativeTarget "VoiceAssistant" */;
			buildPhases = (
				7ECF68FDCDAB0F770E58B692 /* [CP] Check Pods Manifest.lock */,
				DC1C152E22B8E27B00367496 /* Sources */,
				DC1C152F22B8E27B00367496 /* Frameworks */,
				DC1C153022B8E27B00367496 /* Resources */,
				548B77DD875E1199742C0D05 /* [CP] Embed Pods Frameworks */,
			);
			buildRules = (
			);
			dependencies = (
			);
			name = VoiceAssistant;
			productName = helloworld;
			productReference = DC1C153222B8E27B00367496 /* VoiceAssistant.app */;
			productType = "com.apple.product-type.application";
		};
		FC3EF7BF2D1B1DD30088B897 /* VoiceAssistantTests */ = {
			isa = PBXNativeTarget;
			buildConfigurationList = FC3EF7C62D1B1DD30088B897 /* Build configuration list for PBXNativeTarget "VoiceAssistantTests" */;
			buildPhases = (
				FC3EF7BC2D1B1DD30088B897 /* Sources */,
				FC3EF7BD2D1B1DD30088B897 /* Frameworks */,
				FC3EF7BE2D1B1DD30088B897 /* Resources */,
			);
			buildRules = (
			);
			dependencies = (
				FC3EF7C52D1B1DD30088B897 /* PBXTargetDependency */,
			);
			fileSystemSynchronizedGroups = (
				FC3EF7C12D1B1DD30088B897 /* VoiceAssistantTests */,
			);
			name = VoiceAssistantTests;
			packageProductDependencies = (
			);
			productName = VoiceAssistantTests;
			productReference = FC3EF7C02D1B1DD30088B897 /* VoiceAssistantTests.xctest */;
			productType = "com.apple.product-type.bundle.unit-test";
		};
/* End PBXNativeTarget section */

/* Begin PBXProject section */
		DC1C152A22B8E27B00367496 /* Project object */ = {
			isa = PBXProject;
			attributes = {
				BuildIndependentTargetsInParallel = YES;
				LastSwiftUpdateCheck = 1620;
				LastUpgradeCheck = 1620;
				ORGANIZATIONNAME = "";
				TargetAttributes = {
					DC1C153122B8E27B00367496 = {
						CreatedOnToolsVersion = 10.2.1;
					};
					FC3EF7BF2D1B1DD30088B897 = {
						CreatedOnToolsVersion = 16.2;
						TestTargetID = DC1C153122B8E27B00367496;
					};
				};
			};
			buildConfigurationList = DC1C152D22B8E27B00367496 /* Build configuration list for PBXProject "VoiceAssistant" */;
			developmentRegion = en;
			hasScannedForEncodings = 0;
			knownRegions = (
				en,
				Base,
			);
			mainGroup = DC1C152922B8E27B00367496;
			preferredProjectObjectVersion = 77;
			productRefGroup = DC1C153322B8E27B00367496 /* Products */;
			projectDirPath = "";
			projectRoot = "";
			targets = (
				DC1C153122B8E27B00367496 /* VoiceAssistant */,
				FC3EF7BF2D1B1DD30088B897 /* VoiceAssistantTests */,
			);
		};
/* End PBXProject section */

/* Begin PBXResourcesBuildPhase section */
		DC1C153022B8E27B00367496 /* Resources */ = {
			isa = PBXResourcesBuildPhase;
			buildActionMask = 2147483647;
			files = (
				FCE961ED2D472785001FC338 /* Qwen2.5-Coder-3B-Instruct-Q8_0.gguf in Resources */,
				DC1C154022B8E27D00367496 /* LaunchScreen.storyboard in Resources */,
				DC1C153D22B8E27D00367496 /* Assets.xcassets in Resources */,
				DC1C153B22B8E27B00367496 /* Main.storyboard in Resources */,
			);
			runOnlyForDeploymentPostprocessing = 0;
		};
		FC3EF7BE2D1B1DD30088B897 /* Resources */ = {
			isa = PBXResourcesBuildPhase;
			buildActionMask = 2147483647;
			files = (
			);
			runOnlyForDeploymentPostprocessing = 0;
		};
/* End PBXResourcesBuildPhase section */

/* Begin PBXShellScriptBuildPhase section */
		548B77DD875E1199742C0D05 /* [CP] Embed Pods Frameworks */ = {
			isa = PBXShellScriptBuildPhase;
			buildActionMask = 2147483647;
			files = (
			);
			inputFileListPaths = (
				"${PODS_ROOT}/Target Support Files/Pods-VoiceAssistant/Pods-VoiceAssistant-frameworks-${CONFIGURATION}-input-files.xcfilelist",
			);
			name = "[CP] Embed Pods Frameworks";
			outputFileListPaths = (
				"${PODS_ROOT}/Target Support Files/Pods-VoiceAssistant/Pods-VoiceAssistant-frameworks-${CONFIGURATION}-output-files.xcfilelist",
			);
			runOnlyForDeploymentPostprocessing = 0;
			shellPath = /bin/sh;
			shellScript = "\"${PODS_ROOT}/Target Support Files/Pods-VoiceAssistant/Pods-VoiceAssistant-frameworks.sh\"\n";
			showEnvVarsInLog = 0;
		};
		7ECF68FDCDAB0F770E58B692 /* [CP] Check Pods Manifest.lock */ = {
			isa = PBXShellScriptBuildPhase;
			buildActionMask = 2147483647;
			files = (
			);
			inputFileListPaths = (
			);
			inputPaths = (
				"${PODS_PODFILE_DIR_PATH}/Podfile.lock",
				"${PODS_ROOT}/Manifest.lock",
			);
			name = "[CP] Check Pods Manifest.lock";
			outputFileListPaths = (
			);
			outputPaths = (
				"$(DERIVED_FILE_DIR)/Pods-VoiceAssistant-checkManifestLockResult.txt",
			);
			runOnlyForDeploymentPostprocessing = 0;
			shellPath = /bin/sh;
			shellScript = "diff \"${PODS_PODFILE_DIR_PATH}/Podfile.lock\" \"${PODS_ROOT}/Manifest.lock\" > /dev/null\nif [ $? != 0 ] ; then\n    # print error to STDERR\n    echo \"error: The sandbox is not in sync with the Podfile.lock. Run 'pod install' or update your CocoaPods installation.\" >&2\n    exit 1\nfi\n# This output is used by Xcode 'outputs' to avoid re-running this script phase.\necho \"SUCCESS\" > \"${SCRIPT_OUTPUT_FILE_0}\"\n";
			showEnvVarsInLog = 0;
		};
/* End PBXShellScriptBuildPhase section */

/* Begin PBXSourcesBuildPhase section */
		DC1C152E22B8E27B00367496 /* Sources */ = {
			isa = PBXSourcesBuildPhase;
			buildActionMask = 2147483647;
			files = (
				FC93B0EC2D2B391E00865705 /* ChatHistoryManager.swift in Sources */,
				FCC38B942D1D4D91007C8159 /* ImageGalleryVC.swift in Sources */,
				FC46F0BB2D176FD9004020A9 /* ApiManager.swift in Sources */,
				FCE961EB2D471656001FC338 /* LocalLlmManager.swift in Sources */,
				FCFBB1C52D263CF400E0D9B3 /* errors.swift in Sources */,
				FC3EF79F2D1A09520088B897 /* ChatTable.swift in Sources */,
				FC46F0B72D17543C004020A9 /* LocalSpeech.swift in Sources */,
				FC1BD1742D29CADC00F1ACDD /* AbstractSpeech.swift in Sources */,
				FC3EF7A12D1A12A70088B897 /* ChatTableCell.swift in Sources */,
				DC1C153822B8E27B00367496 /* ViewController.swift in Sources */,
				FCE961A82D3E0BA8001FC338 /* EventManager.swift in Sources */,
				FC1D05A72D27E3CC005CEBE3 /* RemoteSpeech.swift in Sources */,
				FCC38B802D1C8338007C8159 /* message.swift in Sources */,
				FC3EF7A32D1B18D10088B897 /* Utils.swift in Sources */,
				FCFBB1C72D2675D600E0D9B3 /* AudioUtils.swift in Sources */,
				FC46F0B32D17532A004020A9 /* consts.swift in Sources */,
				FCC38B922D1D187F007C8159 /* ImageUtils.swift in Sources */,
				FC46F0B52D175344004020A9 /* common.swift in Sources */,
				FC1BD1712D29B56F00F1ACDD /* SpeechVC.swift in Sources */,
				DC1C153622B8E27B00367496 /* AppDelegate.swift in Sources */,
				FC46F0B12D1752D2004020A9 /* AVAudioPCMBuffer.swift in Sources */,
				FC1D05A92D286737005CEBE3 /* SpeechManager.swift in Sources */,
				FCC38B902D1CF082007C8159 /* Logger.swift in Sources */,
				FCC38B8E2D1CED67007C8159 /* UIImage.swift in Sources */,
				FCC38B982D1FE594007C8159 /* TextDrawingVC.swift in Sources */,
				FCC38B472D1B6A29007C8159 /* MediaManager.swift in Sources */,
				FCA8BCD52D37A26800BAD23D /* response.swift in Sources */,
				FCE961A62D3DCC10001FC338 /* MessageUtils.swift in Sources */,
			);
			runOnlyForDeploymentPostprocessing = 0;
		};
		FC3EF7BC2D1B1DD30088B897 /* Sources */ = {
			isa = PBXSourcesBuildPhase;
			buildActionMask = 2147483647;
			files = (
			);
			runOnlyForDeploymentPostprocessing = 0;
		};
/* End PBXSourcesBuildPhase section */

/* Begin PBXTargetDependency section */
		FC3EF7C52D1B1DD30088B897 /* PBXTargetDependency */ = {
			isa = PBXTargetDependency;
			target = DC1C153122B8E27B00367496 /* VoiceAssistant */;
			targetProxy = FC3EF7C42D1B1DD30088B897 /* PBXContainerItemProxy */;
		};
/* End PBXTargetDependency section */

/* Begin PBXVariantGroup section */
		DC1C153922B8E27B00367496 /* Main.storyboard */ = {
			isa = PBXVariantGroup;
			children = (
				DC1C153A22B8E27B00367496 /* Base */,
			);
			name = Main.storyboard;
			sourceTree = "<group>";
		};
		DC1C153E22B8E27D00367496 /* LaunchScreen.storyboard */ = {
			isa = PBXVariantGroup;
			children = (
				DC1C153F22B8E27D00367496 /* Base */,
			);
			name = LaunchScreen.storyboard;
			sourceTree = "<group>";
		};
/* End PBXVariantGroup section */

/* Begin XCBuildConfiguration section */
		DC1C154222B8E27D00367496 /* Debug */ = {
			isa = XCBuildConfiguration;
			buildSettings = {
				ALWAYS_SEARCH_USER_PATHS = NO;
				CLANG_ANALYZER_NONNULL = YES;
				CLANG_ANALYZER_NUMBER_OBJECT_CONVERSION = YES_AGGRESSIVE;
				CLANG_CXX_LANGUAGE_STANDARD = "gnu++14";
				CLANG_CXX_LIBRARY = "libc++";
				CLANG_ENABLE_MODULES = YES;
				CLANG_ENABLE_OBJC_ARC = YES;
				CLANG_ENABLE_OBJC_WEAK = YES;
				CLANG_WARN_BLOCK_CAPTURE_AUTORELEASING = YES;
				CLANG_WARN_BOOL_CONVERSION = YES;
				CLANG_WARN_COMMA = YES;
				CLANG_WARN_CONSTANT_CONVERSION = YES;
				CLANG_WARN_DEPRECATED_OBJC_IMPLEMENTATIONS = YES;
				CLANG_WARN_DIRECT_OBJC_ISA_USAGE = YES_ERROR;
				CLANG_WARN_DOCUMENTATION_COMMENTS = YES;
				CLANG_WARN_EMPTY_BODY = YES;
				CLANG_WARN_ENUM_CONVERSION = YES;
				CLANG_WARN_INFINITE_RECURSION = YES;
				CLANG_WARN_INT_CONVERSION = YES;
				CLANG_WARN_NON_LITERAL_NULL_CONVERSION = YES;
				CLANG_WARN_OBJC_IMPLICIT_RETAIN_SELF = YES;
				CLANG_WARN_OBJC_LITERAL_CONVERSION = YES;
				CLANG_WARN_OBJC_ROOT_CLASS = YES_ERROR;
				CLANG_WARN_QUOTED_INCLUDE_IN_FRAMEWORK_HEADER = YES;
				CLANG_WARN_RANGE_LOOP_ANALYSIS = YES;
				CLANG_WARN_STRICT_PROTOTYPES = YES;
				CLANG_WARN_SUSPICIOUS_MOVE = YES;
				CLANG_WARN_UNGUARDED_AVAILABILITY = YES_AGGRESSIVE;
				CLANG_WARN_UNREACHABLE_CODE = YES;
				CLANG_WARN__DUPLICATE_METHOD_MATCH = YES;
				CODE_SIGN_IDENTITY = "iPhone Developer";
				COPY_PHASE_STRIP = NO;
				DEBUG_INFORMATION_FORMAT = dwarf;
				ENABLE_STRICT_OBJC_MSGSEND = YES;
				ENABLE_TESTABILITY = YES;
				GCC_C_LANGUAGE_STANDARD = gnu11;
				GCC_DYNAMIC_NO_PIC = NO;
				GCC_NO_COMMON_BLOCKS = YES;
				GCC_OPTIMIZATION_LEVEL = 0;
				GCC_PREPROCESSOR_DEFINITIONS = (
					"DEBUG=1",
					"$(inherited)",
				);
				GCC_WARN_64_TO_32_BIT_CONVERSION = YES;
				GCC_WARN_ABOUT_RETURN_TYPE = YES_ERROR;
				GCC_WARN_UNDECLARED_SELECTOR = YES;
				GCC_WARN_UNINITIALIZED_AUTOS = YES_AGGRESSIVE;
				GCC_WARN_UNUSED_FUNCTION = YES;
				GCC_WARN_UNUSED_VARIABLE = YES;
				IPHONEOS_DEPLOYMENT_TARGET = 18.0;
				MTL_ENABLE_DEBUG_INFO = INCLUDE_SOURCE;
				MTL_FAST_MATH = YES;
				ONLY_ACTIVE_ARCH = YES;
				SDKROOT = iphoneos;
				SWIFT_ACTIVE_COMPILATION_CONDITIONS = DEBUG;
				SWIFT_OPTIMIZATION_LEVEL = "-Onone";
				SWIFT_VERSION = 4.0;
			};
			name = Debug;
		};
		DC1C154322B8E27D00367496 /* Release */ = {
			isa = XCBuildConfiguration;
			buildSettings = {
				ALWAYS_SEARCH_USER_PATHS = NO;
				CLANG_ANALYZER_NONNULL = YES;
				CLANG_ANALYZER_NUMBER_OBJECT_CONVERSION = YES_AGGRESSIVE;
				CLANG_CXX_LANGUAGE_STANDARD = "gnu++14";
				CLANG_CXX_LIBRARY = "libc++";
				CLANG_ENABLE_MODULES = YES;
				CLANG_ENABLE_OBJC_ARC = YES;
				CLANG_ENABLE_OBJC_WEAK = YES;
				CLANG_WARN_BLOCK_CAPTURE_AUTORELEASING = YES;
				CLANG_WARN_BOOL_CONVERSION = YES;
				CLANG_WARN_COMMA = YES;
				CLANG_WARN_CONSTANT_CONVERSION = YES;
				CLANG_WARN_DEPRECATED_OBJC_IMPLEMENTATIONS = YES;
				CLANG_WARN_DIRECT_OBJC_ISA_USAGE = YES_ERROR;
				CLANG_WARN_DOCUMENTATION_COMMENTS = YES;
				CLANG_WARN_EMPTY_BODY = YES;
				CLANG_WARN_ENUM_CONVERSION = YES;
				CLANG_WARN_INFINITE_RECURSION = YES;
				CLANG_WARN_INT_CONVERSION = YES;
				CLANG_WARN_NON_LITERAL_NULL_CONVERSION = YES;
				CLANG_WARN_OBJC_IMPLICIT_RETAIN_SELF = YES;
				CLANG_WARN_OBJC_LITERAL_CONVERSION = YES;
				CLANG_WARN_OBJC_ROOT_CLASS = YES_ERROR;
				CLANG_WARN_QUOTED_INCLUDE_IN_FRAMEWORK_HEADER = YES;
				CLANG_WARN_RANGE_LOOP_ANALYSIS = YES;
				CLANG_WARN_STRICT_PROTOTYPES = YES;
				CLANG_WARN_SUSPICIOUS_MOVE = YES;
				CLANG_WARN_UNGUARDED_AVAILABILITY = YES_AGGRESSIVE;
				CLANG_WARN_UNREACHABLE_CODE = YES;
				CLANG_WARN__DUPLICATE_METHOD_MATCH = YES;
				CODE_SIGN_IDENTITY = "iPhone Developer";
				COPY_PHASE_STRIP = NO;
				DEBUG_INFORMATION_FORMAT = "dwarf-with-dsym";
				ENABLE_NS_ASSERTIONS = NO;
				ENABLE_STRICT_OBJC_MSGSEND = YES;
				GCC_C_LANGUAGE_STANDARD = gnu11;
				GCC_NO_COMMON_BLOCKS = YES;
				GCC_WARN_64_TO_32_BIT_CONVERSION = YES;
				GCC_WARN_ABOUT_RETURN_TYPE = YES_ERROR;
				GCC_WARN_UNDECLARED_SELECTOR = YES;
				GCC_WARN_UNINITIALIZED_AUTOS = YES_AGGRESSIVE;
				GCC_WARN_UNUSED_FUNCTION = YES;
				GCC_WARN_UNUSED_VARIABLE = YES;
				IPHONEOS_DEPLOYMENT_TARGET = 18.0;
				MTL_ENABLE_DEBUG_INFO = NO;
				MTL_FAST_MATH = YES;
				SDKROOT = iphoneos;
				SWIFT_COMPILATION_MODE = wholemodule;
				SWIFT_OPTIMIZATION_LEVEL = "-O";
				SWIFT_VERSION = 4.0;
				VALIDATE_PRODUCT = YES;
			};
			name = Release;
		};
		DC1C154522B8E27D00367496 /* Debug */ = {
			isa = XCBuildConfiguration;
			baseConfigurationReference = AC2A27D01DB510CC0411ADB4 /* Pods-VoiceAssistant.debug.xcconfig */;
			buildSettings = {
				ASSETCATALOG_COMPILER_APPICON_NAME = AppIcon;
				CODE_SIGN_STYLE = Automatic;
				DEVELOPMENT_TEAM = 69L3789J9R;
				INFOPLIST_FILE = VoiceAssistant/Info.plist;
				IPHONEOS_DEPLOYMENT_TARGET = 18.0;
				LD_RUNPATH_SEARCH_PATHS = (
					"$(inherited)",
					"@executable_path/Frameworks",
				);
				PRODUCT_BUNDLE_IDENTIFIER = com.company.voiceassistant;
				PRODUCT_NAME = "$(TARGET_NAME)";
				SWIFT_OBJC_BRIDGING_HEADER = "VoiceAssistant/MicrosoftCognitiveServicesSpeech-Bridging-Header.h";
				SWIFT_VERSION = 4.0;
				TARGETED_DEVICE_FAMILY = "1,2";
			};
			name = Debug;
		};
		DC1C154622B8E27D00367496 /* Release */ = {
			isa = XCBuildConfiguration;
			baseConfigurationReference = 9FB79C1FE665D71D938E5959 /* Pods-VoiceAssistant.release.xcconfig */;
			buildSettings = {
				ASSETCATALOG_COMPILER_APPICON_NAME = AppIcon;
				CODE_SIGN_STYLE = Automatic;
				DEVELOPMENT_TEAM = 69L3789J9R;
				INFOPLIST_FILE = VoiceAssistant/Info.plist;
				IPHONEOS_DEPLOYMENT_TARGET = 18.0;
				LD_RUNPATH_SEARCH_PATHS = (
					"$(inherited)",
					"@executable_path/Frameworks",
				);
				PRODUCT_BUNDLE_IDENTIFIER = com.company.voiceassistant;
				PRODUCT_NAME = "$(TARGET_NAME)";
				SWIFT_OBJC_BRIDGING_HEADER = "VoiceAssistant/MicrosoftCognitiveServicesSpeech-Bridging-Header.h";
				SWIFT_VERSION = 4.0;
				TARGETED_DEVICE_FAMILY = "1,2";
			};
			name = Release;
		};
		FC3EF7C72D1B1DD30088B897 /* Debug */ = {
			isa = XCBuildConfiguration;
			buildSettings = {
				ASSETCATALOG_COMPILER_GENERATE_SWIFT_ASSET_SYMBOL_EXTENSIONS = YES;
				BUNDLE_LOADER = "$(TEST_HOST)";
				CLANG_CXX_LANGUAGE_STANDARD = "gnu++20";
				CLANG_WARN_QUOTED_INCLUDE_IN_FRAMEWORK_HEADER = YES;
				CODE_SIGN_STYLE = Automatic;
				CURRENT_PROJECT_VERSION = 1;
				DEAD_CODE_STRIPPING = YES;
				DEVELOPMENT_TEAM = 69L3789J9R;
				ENABLE_USER_SCRIPT_SANDBOXING = YES;
				GCC_C_LANGUAGE_STANDARD = gnu17;
				GENERATE_INFOPLIST_FILE = YES;
				IPHONEOS_DEPLOYMENT_TARGET = 18.0;
				LOCALIZATION_PREFERS_STRING_CATALOGS = YES;
				MACOSX_DEPLOYMENT_TARGET = 15.2;
				MARKETING_VERSION = 1.0;
				PRODUCT_BUNDLE_IDENTIFIER = com.samples.test.VoiceAssistantTests;
				PRODUCT_NAME = "$(TARGET_NAME)";
				SDKROOT = auto;
				SUPPORTED_PLATFORMS = "iphoneos iphonesimulator macosx xros xrsimulator";
				SWIFT_ACTIVE_COMPILATION_CONDITIONS = "DEBUG $(inherited)";
				SWIFT_EMIT_LOC_STRINGS = NO;
				SWIFT_VERSION = 5.0;
				TARGETED_DEVICE_FAMILY = "1,2,7";
				TEST_HOST = "$(BUILT_PRODUCTS_DIR)/VoiceAssistant.app/$(BUNDLE_EXECUTABLE_FOLDER_PATH)/VoiceAssistant";
				XROS_DEPLOYMENT_TARGET = 2.2;
			};
			name = Debug;
		};
		FC3EF7C82D1B1DD30088B897 /* Release */ = {
			isa = XCBuildConfiguration;
			buildSettings = {
				ASSETCATALOG_COMPILER_GENERATE_SWIFT_ASSET_SYMBOL_EXTENSIONS = YES;
				BUNDLE_LOADER = "$(TEST_HOST)";
				CLANG_CXX_LANGUAGE_STANDARD = "gnu++20";
				CLANG_WARN_QUOTED_INCLUDE_IN_FRAMEWORK_HEADER = YES;
				CODE_SIGN_STYLE = Automatic;
				CURRENT_PROJECT_VERSION = 1;
				DEAD_CODE_STRIPPING = YES;
				DEVELOPMENT_TEAM = 69L3789J9R;
				ENABLE_USER_SCRIPT_SANDBOXING = YES;
				GCC_C_LANGUAGE_STANDARD = gnu17;
				GENERATE_INFOPLIST_FILE = YES;
				IPHONEOS_DEPLOYMENT_TARGET = 18.0;
				LOCALIZATION_PREFERS_STRING_CATALOGS = YES;
				MACOSX_DEPLOYMENT_TARGET = 15.2;
				MARKETING_VERSION = 1.0;
				PRODUCT_BUNDLE_IDENTIFIER = com.samples.test.VoiceAssistantTests;
				PRODUCT_NAME = "$(TARGET_NAME)";
				SDKROOT = auto;
				SUPPORTED_PLATFORMS = "iphoneos iphonesimulator macosx xros xrsimulator";
				SWIFT_EMIT_LOC_STRINGS = NO;
				SWIFT_VERSION = 5.0;
				TARGETED_DEVICE_FAMILY = "1,2,7";
				TEST_HOST = "$(BUILT_PRODUCTS_DIR)/VoiceAssistant.app/$(BUNDLE_EXECUTABLE_FOLDER_PATH)/VoiceAssistant";
				XROS_DEPLOYMENT_TARGET = 2.2;
			};
			name = Release;
		};
/* End XCBuildConfiguration section */

/* Begin XCConfigurationList section */
		DC1C152D22B8E27B00367496 /* Build configuration list for PBXProject "VoiceAssistant" */ = {
			isa = XCConfigurationList;
			buildConfigurations = (
				DC1C154222B8E27D00367496 /* Debug */,
				DC1C154322B8E27D00367496 /* Release */,
			);
			defaultConfigurationIsVisible = 0;
			defaultConfigurationName = Release;
		};
		DC1C154422B8E27D00367496 /* Build configuration list for PBXNativeTarget "VoiceAssistant" */ = {
			isa = XCConfigurationList;
			buildConfigurations = (
				DC1C154522B8E27D00367496 /* Debug */,
				DC1C154622B8E27D00367496 /* Release */,
			);
			defaultConfigurationIsVisible = 0;
			defaultConfigurationName = Release;
		};
		FC3EF7C62D1B1DD30088B897 /* Build configuration list for PBXNativeTarget "VoiceAssistantTests" */ = {
			isa = XCConfigurationList;
			buildConfigurations = (
				FC3EF7C72D1B1DD30088B897 /* Debug */,
				FC3EF7C82D1B1DD30088B897 /* Release */,
			);
			defaultConfigurationIsVisible = 0;
			defaultConfigurationName = Release;
		};
/* End XCConfigurationList section */

/* Begin XCSwiftPackageProductDependency section */
		FCE961B42D44CFB7001FC338 /* llmfarm_core */ = {
			isa = XCSwiftPackageProductDependency;
			productName = llmfarm_core;
		};
/* End XCSwiftPackageProductDependency section */
	};
	rootObject = DC1C152A22B8E27B00367496 /* Project object */;
}
